
Microsoft Visual Studio Solution File, Format Version 12.00
# Visual Studio Version 17
VisualStudioVersion = 17.0.31903.59
MinimumVisualStudioVersion = 10.0.40219.1
Project("{FAE04EC0-301F-11D3-BF4B-00C04F79EFBC}") = "VertesiaActivity", "VertesiaActivity\VertesiaActivity.csproj", "{3C6A5E1D-7B2F-4A8E-9C0D-1E3F5A7B9C0D}"
EndProject
Project("{FAE04EC0-301F-11D3-BF4B-00C04F79EFBC}") = "VertesiaActivity.Tests", "VertesiaActivity.Tests\VertesiaActivity.Tests.csproj", "{4D7B6F2E-8C3A-5B9F-0D1E-2F4A6B8C0D2E}"
EndProject
Global
	GlobalSection(SolutionConfigurationPlatforms) = preSolution
		Debug|Any CPU = Debug|Any CPU
		Release|Any CPU = Release|Any CPU
	EndGlobalSection
	GlobalSection(ProjectConfigurationPlatforms) = postSolution
		{3C6A5E1D-7B2F-4A8E-9C0D-1E3F5A7B9C0D}.Debug|Any CPU.ActiveCfg = Debug|Any CPU
		{3C6A5E1D-7B2F-4A8E-9C0D-1E3F5A7B9C0D}.Debug|Any CPU.Build.0 = Debug|Any CPU
		{3C6A5E1D-7B2F-4A8E-9C0D-1E3F5A7B9C0D}.Release|Any CPU.ActiveCfg = Release|Any CPU
		{3C6A5E1D-7B2F-4A8E-9C0D-1E3F5A7B9C0D}.Release|Any CPU.Build.0 = Release|Any CPU
		{4D7B6F2E-8C3A-5B9F-0D1E-2F4A6B8C0D2E}.Debug|Any CPU.ActiveCfg = Debug|Any CPU
		{4D7B6F2E-8C3A-5B9F-0D1E-2F4A6B8C0D2E}.Debug|Any CPU.Build.0 = Debug|Any CPU
		{4D7B6F2E-8C3A-5B9F-0D1E-2F4A6B8C0D2E}.Release|Any CPU.ActiveCfg = Release|Any CPU
		{4D7B6F2E-8C3A-5B9F-0D1E-2F4A6B8C0D2E}.Release|Any CPU.Build.0 = Release|Any CPU
	EndGlobalSection
	GlobalSection(SolutionProperties) = preSolution
		HideSolutionNode = FALSE
	EndGlobalSection
EndGlobal
